// !$*UTF8*$!
{
	archiveVersion = 1;
	classes = {
	};
	objectVersion = 52;
	objects = {

/* Begin PBXBuildFile section */
		AA281AF82696E33900F7A285 /* TestCarthageIntegrationApp.swift in Sources */ = {isa = PBXBuildFile; fileRef = AA281AF72696E33900F7A285 /* TestCarthageIntegrationApp.swift */; };
		AA281AFA2696E33900F7A285 /* ContentView.swift in Sources */ = {isa = PBXBuildFile; fileRef = AA281AF92696E33900F7A285 /* ContentView.swift */; };
		AA281AFC2696E33C00F7A285 /* Assets.xcassets in Resources */ = {isa = PBXBuildFile; fileRef = AA281AFB2696E33C00F7A285 /* Assets.xcassets */; };
		AA281AFF2696E33C00F7A285 /* Preview Assets.xcassets in Resources */ = {isa = PBXBuildFile; fileRef = AA281AFE2696E33C00F7A285 /* Preview Assets.xcassets */; };
		AA281B08269754BD00F7A285 /* CrowdConnectedCore.xcframework in Frameworks */ = {isa = PBXBuildFile; fileRef = AA281B07269754BD00F7A285 /* CrowdConnectedCore.xcframework */; };
		AA281B09269754BD00F7A285 /* CrowdConnectedCore.xcframework in Embed Frameworks */ = {isa = PBXBuildFile; fileRef = AA281B07269754BD00F7A285 /* CrowdConnectedCore.xcframework */; settings = {ATTRIBUTES = (CodeSignOnCopy, RemoveHeadersOnCopy, ); }; };
		AA281B0C269754C000F7A285 /* CrowdConnectedIPS.xcframework in Frameworks */ = {isa = PBXBuildFile; fileRef = AA281B0B269754C000F7A285 /* CrowdConnectedIPS.xcframework */; };
		AA281B0D269754C000F7A285 /* CrowdConnectedIPS.xcframework in Embed Frameworks */ = {isa = PBXBuildFile; fileRef = AA281B0B269754C000F7A285 /* CrowdConnectedIPS.xcframework */; settings = {ATTRIBUTES = (CodeSignOnCopy, RemoveHeadersOnCopy, ); }; };
		AA281B0F269754C200F7A285 /* CrowdConnectedShared.xcframework in Frameworks */ = {isa = PBXBuildFile; fileRef = AA281B0E269754C200F7A285 /* CrowdConnectedShared.xcframework */; };
		AA281B10269754C200F7A285 /* CrowdConnectedShared.xcframework in Embed Frameworks */ = {isa = PBXBuildFile; fileRef = AA281B0E269754C200F7A285 /* CrowdConnectedShared.xcframework */; settings = {ATTRIBUTES = (CodeSignOnCopy, RemoveHeadersOnCopy, ); }; };
		AA281B12269754CB00F7A285 /* AWSCognitoIdentityProvider.xcframework in Frameworks */ = {isa = PBXBuildFile; fileRef = AA281B11269754CB00F7A285 /* AWSCognitoIdentityProvider.xcframework */; };
		AA281B13269754CB00F7A285 /* AWSCognitoIdentityProvider.xcframework in Embed Frameworks */ = {isa = PBXBuildFile; fileRef = AA281B11269754CB00F7A285 /* AWSCognitoIdentityProvider.xcframework */; settings = {ATTRIBUTES = (CodeSignOnCopy, RemoveHeadersOnCopy, ); }; };
		AA281B15269754CD00F7A285 /* AWSCognitoIdentityProviderASF.xcframework in Frameworks */ = {isa = PBXBuildFile; fileRef = AA281B14269754CD00F7A285 /* AWSCognitoIdentityProviderASF.xcframework */; };
		AA281B16269754CD00F7A285 /* AWSCognitoIdentityProviderASF.xcframework in Embed Frameworks */ = {isa = PBXBuildFile; fileRef = AA281B14269754CD00F7A285 /* AWSCognitoIdentityProviderASF.xcframework */; settings = {ATTRIBUTES = (CodeSignOnCopy, RemoveHeadersOnCopy, ); }; };
		AA281B18269754D000F7A285 /* AWSCore.xcframework in Frameworks */ = {isa = PBXBuildFile; fileRef = AA281B17269754D000F7A285 /* AWSCore.xcframework */; };
		AA281B19269754D000F7A285 /* AWSCore.xcframework in Embed Frameworks */ = {isa = PBXBuildFile; fileRef = AA281B17269754D000F7A285 /* AWSCore.xcframework */; settings = {ATTRIBUTES = (CodeSignOnCopy, RemoveHeadersOnCopy, ); }; };
/* End PBXBuildFile section */

/* Begin PBXCopyFilesBuildPhase section */
		AA281B0A269754BD00F7A285 /* Embed Frameworks */ = {
			isa = PBXCopyFilesBuildPhase;
			buildActionMask = 2147483647;
			dstPath = "";
			dstSubfolderSpec = 10;
			files = (
				AA281B16269754CD00F7A285 /* AWSCognitoIdentityProviderASF.xcframework in Embed Frameworks */,
				AA281B13269754CB00F7A285 /* AWSCognitoIdentityProvider.xcframework in Embed Frameworks */,
				AA281B19269754D000F7A285 /* AWSCore.xcframework in Embed Frameworks */,
				AA281B0D269754C000F7A285 /* CrowdConnectedIPS.xcframework in Embed Frameworks */,
				AA281B09269754BD00F7A285 /* CrowdConnectedCore.xcframework in Embed Frameworks */,
				AA281B10269754C200F7A285 /* CrowdConnectedShared.xcframework in Embed Frameworks */,
			);
			name = "Embed Frameworks";
			runOnlyForDeploymentPostprocessing = 0;
		};
/* End PBXCopyFilesBuildPhase section */

/* Begin PBXFileReference section */
		AA281AF42696E33900F7A285 /* TestCarthageIntegration.app */ = {isa = PBXFileReference; explicitFileType = wrapper.application; includeInIndex = 0; path = TestCarthageIntegration.app; sourceTree = BUILT_PRODUCTS_DIR; };
		AA281AF72696E33900F7A285 /* TestCarthageIntegrationApp.swift */ = {isa = PBXFileReference; lastKnownFileType = sourcecode.swift; path = TestCarthageIntegrationApp.swift; sourceTree = "<group>"; };
		AA281AF92696E33900F7A285 /* ContentView.swift */ = {isa = PBXFileReference; lastKnownFileType = sourcecode.swift; path = ContentView.swift; sourceTree = "<group>"; };
		AA281AFB2696E33C00F7A285 /* Assets.xcassets */ = {isa = PBXFileReference; lastKnownFileType = folder.assetcatalog; path = Assets.xcassets; sourceTree = "<group>"; };
		AA281AFE2696E33C00F7A285 /* Preview Assets.xcassets */ = {isa = PBXFileReference; lastKnownFileType = folder.assetcatalog; path = "Preview Assets.xcassets"; sourceTree = "<group>"; };
		AA281B002696E33C00F7A285 /* Info.plist */ = {isa = PBXFileReference; lastKnownFileType = text.plist.xml; path = Info.plist; sourceTree = "<group>"; };
		AA281B07269754BD00F7A285 /* CrowdConnectedCore.xcframework */ = {isa = PBXFileReference; lastKnownFileType = wrapper.xcframework; name = CrowdConnectedCore.xcframework; path = Carthage/Build/CrowdConnectedCore.xcframework; sourceTree = "<group>"; };
		AA281B0B269754C000F7A285 /* CrowdConnectedIPS.xcframework */ = {isa = PBXFileReference; lastKnownFileType = wrapper.xcframework; name = CrowdConnectedIPS.xcframework; path = Carthage/Build/CrowdConnectedIPS.xcframework; sourceTree = "<group>"; };
		AA281B0E269754C200F7A285 /* CrowdConnectedShared.xcframework */ = {isa = PBXFileReference; lastKnownFileType = wrapper.xcframework; name = CrowdConnectedShared.xcframework; path = Carthage/Build/CrowdConnectedShared.xcframework; sourceTree = "<group>"; };
		AA281B11269754CB00F7A285 /* AWSCognitoIdentityProvider.xcframework */ = {isa = PBXFileReference; lastKnownFileType = wrapper.xcframework; name = AWSCognitoIdentityProvider.xcframework; path = Carthage/Build/AWSCognitoIdentityProvider.xcframework; sourceTree = "<group>"; };
		AA281B14269754CD00F7A285 /* AWSCognitoIdentityProviderASF.xcframework */ = {isa = PBXFileReference; lastKnownFileType = wrapper.xcframework; name = AWSCognitoIdentityProviderASF.xcframework; path = Carthage/Build/AWSCognitoIdentityProviderASF.xcframework; sourceTree = "<group>"; };
		AA281B17269754D000F7A285 /* AWSCore.xcframework */ = {isa = PBXFileReference; lastKnownFileType = wrapper.xcframework; name = AWSCore.xcframework; path = Carthage/Build/AWSCore.xcframework; sourceTree = "<group>"; };
/* End PBXFileReference section */

/* Begin PBXFrameworksBuildPhase section */
		AA281AF12696E33900F7A285 /* Frameworks */ = {
			isa = PBXFrameworksBuildPhase;
			buildActionMask = 2147483647;
			files = (
				AA281B15269754CD00F7A285 /* AWSCognitoIdentityProviderASF.xcframework in Frameworks */,
				AA281B12269754CB00F7A285 /* AWSCognitoIdentityProvider.xcframework in Frameworks */,
				AA281B18269754D000F7A285 /* AWSCore.xcframework in Frameworks */,
				AA281B0C269754C000F7A285 /* CrowdConnectedIPS.xcframework in Frameworks */,
				AA281B08269754BD00F7A285 /* CrowdConnectedCore.xcframework in Frameworks */,
				AA281B0F269754C200F7A285 /* CrowdConnectedShared.xcframework in Frameworks */,
			);
			runOnlyForDeploymentPostprocessing = 0;
		};
/* End PBXFrameworksBuildPhase section */

/* Begin PBXGroup section */
		AA281AEB2696E33900F7A285 = {
			isa = PBXGroup;
			children = (
				AA281AF62696E33900F7A285 /* TestCarthageIntegration */,
				AA281AF52696E33900F7A285 /* Products */,
				AA281B06269754BD00F7A285 /* Frameworks */,
			);
			sourceTree = "<group>";
		};
		AA281AF52696E33900F7A285 /* Products */ = {
			isa = PBXGroup;
			children = (
				AA281AF42696E33900F7A285 /* TestCarthageIntegration.app */,
			);
			name = Products;
			sourceTree = "<group>";
		};
		AA281AF62696E33900F7A285 /* TestCarthageIntegration */ = {
			isa = PBXGroup;
			children = (
				AA281AF72696E33900F7A285 /* TestCarthageIntegrationApp.swift */,
				AA281AF92696E33900F7A285 /* ContentView.swift */,
				AA281AFB2696E33C00F7A285 /* Assets.xcassets */,
				AA281B002696E33C00F7A285 /* Info.plist */,
				AA281AFD2696E33C00F7A285 /* Preview Content */,
			);
			path = TestCarthageIntegration;
			sourceTree = "<group>";
		};
		AA281AFD2696E33C00F7A285 /* Preview Content */ = {
			isa = PBXGroup;
			children = (
				AA281AFE2696E33C00F7A285 /* Preview Assets.xcassets */,
			);
			path = "Preview Content";
			sourceTree = "<group>";
		};
		AA281B06269754BD00F7A285 /* Frameworks */ = {
			isa = PBXGroup;
			children = (
				AA281B17269754D000F7A285 /* AWSCore.xcframework */,
				AA281B14269754CD00F7A285 /* AWSCognitoIdentityProviderASF.xcframework */,
				AA281B11269754CB00F7A285 /* AWSCognitoIdentityProvider.xcframework */,
				AA281B0E269754C200F7A285 /* CrowdConnectedShared.xcframework */,
				AA281B0B269754C000F7A285 /* CrowdConnectedIPS.xcframework */,
				AA281B07269754BD00F7A285 /* CrowdConnectedCore.xcframework */,
			);
			name = Frameworks;
			sourceTree = "<group>";
		};
/* End PBXGroup section */

/* Begin PBXNativeTarget section */
		AA281AF32696E33900F7A285 /* TestCarthageIntegration */ = {
			isa = PBXNativeTarget;
			buildConfigurationList = AA281B032696E33C00F7A285 /* Build configuration list for PBXNativeTarget "TestCarthageIntegration" */;
			buildPhases = (
				AA281AF02696E33900F7A285 /* Sources */,
				AA281AF12696E33900F7A285 /* Frameworks */,
				AA281AF22696E33900F7A285 /* Resources */,
				AA281B0A269754BD00F7A285 /* Embed Frameworks */,
			);
			buildRules = (
			);
			dependencies = (
			);
			name = TestCarthageIntegration;
			productName = TestCarthageIntegration;
			productReference = AA281AF42696E33900F7A285 /* TestCarthageIntegration.app */;
			productType = "com.apple.product-type.application";
		};
/* End PBXNativeTarget section */

/* Begin PBXProject section */
		AA281AEC2696E33900F7A285 /* Project object */ = {
			isa = PBXProject;
			attributes = {
				LastSwiftUpdateCheck = 1250;
				LastUpgradeCheck = 1250;
				TargetAttributes = {
					AA281AF32696E33900F7A285 = {
						CreatedOnToolsVersion = 12.5;
					};
				};
			};
			buildConfigurationList = AA281AEF2696E33900F7A285 /* Build configuration list for PBXProject "TestCarthageIntegration" */;
			compatibilityVersion = "Xcode 9.3";
			developmentRegion = en;
			hasScannedForEncodings = 0;
			knownRegions = (
				en,
				Base,
			);
			mainGroup = AA281AEB2696E33900F7A285;
			productRefGroup = AA281AF52696E33900F7A285 /* Products */;
			projectDirPath = "";
			projectRoot = "";
			targets = (
				AA281AF32696E33900F7A285 /* TestCarthageIntegration */,
			);
		};
/* End PBXProject section */

/* Begin PBXResourcesBuildPhase section */
		AA281AF22696E33900F7A285 /* Resources */ = {
			isa = PBXResourcesBuildPhase;
			buildActionMask = 2147483647;
			files = (
				AA281AFF2696E33C00F7A285 /* Preview Assets.xcassets in Resources */,
				AA281AFC2696E33C00F7A285 /* Assets.xcassets in Resources */,
			);
			runOnlyForDeploymentPostprocessing = 0;
		};
/* End PBXResourcesBuildPhase section */

/* Begin PBXSourcesBuildPhase section */
		AA281AF02696E33900F7A285 /* Sources */ = {
			isa = PBXSourcesBuildPhase;
			buildActionMask = 2147483647;
			files = (
				AA281AFA2696E33900F7A285 /* ContentView.swift in Sources */,
				AA281AF82696E33900F7A285 /* TestCarthageIntegrationApp.swift in Sources */,
			);
			runOnlyForDeploymentPostprocessing = 0;
		};
/* End PBXSourcesBuildPhase section */

/* Begin XCBuildConfiguration section */
		AA281B012696E33C00F7A285 /* Debug */ = {
			isa = XCBuildConfiguration;
			buildSettings = {
				ALWAYS_SEARCH_USER_PATHS = NO;
				CLANG_ANALYZER_NONNULL = YES;
				CLANG_ANALYZER_NUMBER_OBJECT_CONVERSION = YES_AGGRESSIVE;
				CLANG_CXX_LANGUAGE_STANDARD = "gnu++14";
				CLANG_CXX_LIBRARY = "libc++";
				CLANG_ENABLE_MODULES = YES;
				CLANG_ENABLE_OBJC_ARC = YES;
				CLANG_ENABLE_OBJC_WEAK = YES;
				CLANG_WARN_BLOCK_CAPTURE_AUTORELEASING = YES;
				CLANG_WARN_BOOL_CONVERSION = YES;
				CLANG_WARN_COMMA = YES;
				CLANG_WARN_CONSTANT_CONVERSION = YES;
				CLANG_WARN_DEPRECATED_OBJC_IMPLEMENTATIONS = YES;
				CLANG_WARN_DIRECT_OBJC_ISA_USAGE = YES_ERROR;
				CLANG_WARN_DOCUMENTATION_COMMENTS = YES;
				CLANG_WARN_EMPTY_BODY = YES;
				CLANG_WARN_ENUM_CONVERSION = YES;
				CLANG_WARN_INFINITE_RECURSION = YES;
				CLANG_WARN_INT_CONVERSION = YES;
				CLANG_WARN_NON_LITERAL_NULL_CONVERSION = YES;
				CLANG_WARN_OBJC_IMPLICIT_RETAIN_SELF = YES;
				CLANG_WARN_OBJC_LITERAL_CONVERSION = YES;
				CLANG_WARN_OBJC_ROOT_CLASS = YES_ERROR;
				CLANG_WARN_QUOTED_INCLUDE_IN_FRAMEWORK_HEADER = YES;
				CLANG_WARN_RANGE_LOOP_ANALYSIS = YES;
				CLANG_WARN_STRICT_PROTOTYPES = YES;
				CLANG_WARN_SUSPICIOUS_MOVE = YES;
				CLANG_WARN_UNGUARDED_AVAILABILITY = YES_AGGRESSIVE;
				CLANG_WARN_UNREACHABLE_CODE = YES;
				CLANG_WARN__DUPLICATE_METHOD_MATCH = YES;
				COPY_PHASE_STRIP = NO;
				DEBUG_INFORMATION_FORMAT = dwarf;
				ENABLE_STRICT_OBJC_MSGSEND = YES;
				ENABLE_TESTABILITY = YES;
				GCC_C_LANGUAGE_STANDARD = gnu11;
				GCC_DYNAMIC_NO_PIC = NO;
				GCC_NO_COMMON_BLOCKS = YES;
				GCC_OPTIMIZATION_LEVEL = 0;
				GCC_PREPROCESSOR_DEFINITIONS = (
					"DEBUG=1",
					"$(inherited)",
				);
				GCC_WARN_64_TO_32_BIT_CONVERSION = YES;
				GCC_WARN_ABOUT_RETURN_TYPE = YES_ERROR;
				GCC_WARN_UNDECLARED_SELECTOR = YES;
				GCC_WARN_UNINITIALIZED_AUTOS = YES_AGGRESSIVE;
				GCC_WARN_UNUSED_FUNCTION = YES;
				GCC_WARN_UNUSED_VARIABLE = YES;
				IPHONEOS_DEPLOYMENT_TARGET = 14.5;
				MTL_ENABLE_DEBUG_INFO = INCLUDE_SOURCE;
				MTL_FAST_MATH = YES;
				ONLY_ACTIVE_ARCH = YES;
				SDKROOT = iphoneos;
				SWIFT_ACTIVE_COMPILATION_CONDITIONS = DEBUG;
				SWIFT_OPTIMIZATION_LEVEL = "-Onone";
			};
			name = Debug;
		};
		AA281B022696E33C00F7A285 /* Release */ = {
			isa = XCBuildConfiguration;
			buildSettings = {
				ALWAYS_SEARCH_USER_PATHS = NO;
				CLANG_ANALYZER_NONNULL = YES;
				CLANG_ANALYZER_NUMBER_OBJECT_CONVERSION = YES_AGGRESSIVE;
				CLANG_CXX_LANGUAGE_STANDARD = "gnu++14";
				CLANG_CXX_LIBRARY = "libc++";
				CLANG_ENABLE_MODULES = YES;
				CLANG_ENABLE_OBJC_ARC = YES;
				CLANG_ENABLE_OBJC_WEAK = YES;
				CLANG_WARN_BLOCK_CAPTURE_AUTORELEASING = YES;
				CLANG_WARN_BOOL_CONVERSION = YES;
				CLANG_WARN_COMMA = YES;
				CLANG_WARN_CONSTANT_CONVERSION = YES;
				CLANG_WARN_DEPRECATED_OBJC_IMPLEMENTATIONS = YES;
				CLANG_WARN_DIRECT_OBJC_ISA_USAGE = YES_ERROR;
				CLANG_WARN_DOCUMENTATION_COMMENTS = YES;
				CLANG_WARN_EMPTY_BODY = YES;
				CLANG_WARN_ENUM_CONVERSION = YES;
				CLANG_WARN_INFINITE_RECURSION = YES;
				CLANG_WARN_INT_CONVERSION = YES;
				CLANG_WARN_NON_LITERAL_NULL_CONVERSION = YES;
				CLANG_WARN_OBJC_IMPLICIT_RETAIN_SELF = YES;
				CLANG_WARN_OBJC_LITERAL_CONVERSION = YES;
				CLANG_WARN_OBJC_ROOT_CLASS = YES_ERROR;
				CLANG_WARN_QUOTED_INCLUDE_IN_FRAMEWORK_HEADER = YES;
				CLANG_WARN_RANGE_LOOP_ANALYSIS = YES;
				CLANG_WARN_STRICT_PROTOTYPES = YES;
				CLANG_WARN_SUSPICIOUS_MOVE = YES;
				CLANG_WARN_UNGUARDED_AVAILABILITY = YES_AGGRESSIVE;
				CLANG_WARN_UNREACHABLE_CODE = YES;
				CLANG_WARN__DUPLICATE_METHOD_MATCH = YES;
				COPY_PHASE_STRIP = NO;
				DEBUG_INFORMATION_FORMAT = "dwarf-with-dsym";
				ENABLE_NS_ASSERTIONS = NO;
				ENABLE_STRICT_OBJC_MSGSEND = YES;
				GCC_C_LANGUAGE_STANDARD = gnu11;
				GCC_NO_COMMON_BLOCKS = YES;
				GCC_WARN_64_TO_32_BIT_CONVERSION = YES;
				GCC_WARN_ABOUT_RETURN_TYPE = YES_ERROR;
				GCC_WARN_UNDECLARED_SELECTOR = YES;
				GCC_WARN_UNINITIALIZED_AUTOS = YES_AGGRESSIVE;
				GCC_WARN_UNUSED_FUNCTION = YES;
				GCC_WARN_UNUSED_VARIABLE = YES;
				IPHONEOS_DEPLOYMENT_TARGET = 14.5;
				MTL_ENABLE_DEBUG_INFO = NO;
				MTL_FAST_MATH = YES;
				SDKROOT = iphoneos;
				SWIFT_COMPILATION_MODE = wholemodule;
				SWIFT_OPTIMIZATION_LEVEL = "-O";
				VALIDATE_PRODUCT = YES;
			};
			name = Release;
		};
		AA281B042696E33C00F7A285 /* Debug */ = {
			isa = XCBuildConfiguration;
			buildSettings = {
				ASSETCATALOG_COMPILER_APPICON_NAME = AppIcon;
				ASSETCATALOG_COMPILER_GLOBAL_ACCENT_COLOR_NAME = AccentColor;
				CODE_SIGN_STYLE = Automatic;
				DEVELOPMENT_ASSET_PATHS = "\"TestCarthageIntegration/Preview Content\"";
				DEVELOPMENT_TEAM = 67K9GDZYLG;
				ENABLE_PREVIEWS = YES;
				INFOPLIST_FILE = TestCarthageIntegration/Info.plist;
				IPHONEOS_DEPLOYMENT_TARGET = 14.0;
				LD_RUNPATH_SEARCH_PATHS = (
					"$(inherited)",
					"@executable_path/Frameworks",
				);
				PRODUCT_BUNDLE_IDENTIFIER = uk.co.crowdconnected.TestCarthageIntegration;
				PRODUCT_NAME = "$(TARGET_NAME)";
				SWIFT_VERSION = 5.0;
				TARGETED_DEVICE_FAMILY = "1,2";
			};
			name = Debug;
		};
		AA281B052696E33C00F7A285 /* Release */ = {
			isa = XCBuildConfiguration;
			buildSettings = {
				ASSETCATALOG_COMPILER_APPICON_NAME = AppIcon;
				ASSETCATALOG_COMPILER_GLOBAL_ACCENT_COLOR_NAME = AccentColor;
				CODE_SIGN_STYLE = Automatic;
				DEVELOPMENT_ASSET_PATHS = "\"TestCarthageIntegration/Preview Content\"";
				DEVELOPMENT_TEAM = 67K9GDZYLG;
				ENABLE_PREVIEWS = YES;
				INFOPLIST_FILE = TestCarthageIntegration/Info.plist;
				IPHONEOS_DEPLOYMENT_TARGET = 14.0;
				LD_RUNPATH_SEARCH_PATHS = (
					"$(inherited)",
					"@executable_path/Frameworks",
				);
				PRODUCT_BUNDLE_IDENTIFIER = uk.co.crowdconnected.TestCarthageIntegration;
				PRODUCT_NAME = "$(TARGET_NAME)";
				SWIFT_VERSION = 5.0;
				TARGETED_DEVICE_FAMILY = "1,2";
			};
			name = Release;
		};
/* End XCBuildConfiguration section */

/* Begin XCConfigurationList section */
		AA281AEF2696E33900F7A285 /* Build configuration list for PBXProject "TestCarthageIntegration" */ = {
			isa = XCConfigurationList;
			buildConfigurations = (
				AA281B012696E33C00F7A285 /* Debug */,
				AA281B022696E33C00F7A285 /* Release */,
			);
			defaultConfigurationIsVisible = 0;
			defaultConfigurationName = Release;
		};
		AA281B032696E33C00F7A285 /* Build configuration list for PBXNativeTarget "TestCarthageIntegration" */ = {
			isa = XCConfigurationList;
			buildConfigurations = (
				AA281B042696E33C00F7A285 /* Debug */,
				AA281B052696E33C00F7A285 /* Release */,
			);
			defaultConfigurationIsVisible = 0;
			defaultConfigurationName = Release;
		};
/* End XCConfigurationList section */
	};
	rootObject = AA281AEC2696E33900F7A285 /* Project object */;
}
